
Microsoft Visual Studio Solution File, Format Version 12.00
# Visual Studio 15
VisualStudioVersion = 15.0.28307.1585
MinimumVisualStudioVersion = 10.0.40219.1
Project("{FAE04EC0-301F-11D3-BF4B-00C04F79EFBC}") = "2017ToshibaTest", "2017ToshibaTest\2017ToshibaTest.csproj", "{C858E249-D082-48CB-821D-8416ADA0AE91}"
EndProject
Global
	GlobalSection(SolutionConfigurationPlatforms) = preSolution
		Debug|Any CPU = Debug|Any CPU
		Release|Any CPU = Release|Any CPU
	EndGlobalSection
	GlobalSection(ProjectConfigurationPlatforms) = postSolution
		{C858E249-D082-48CB-821D-8416ADA0AE91}.Debug|Any CPU.ActiveCfg = Debug|Any CPU
		{C858E249-D082-48CB-821D-8416ADA0AE91}.Debug|Any CPU.Build.0 = Debug|Any CPU
		{C858E249-D082-48CB-821D-8416ADA0AE91}.Release|Any CPU.ActiveCfg = Release|Any CPU
		{C858E249-D082-48CB-821D-8416ADA0AE91}.Release|Any CPU.Build.0 = Release|Any CPU
	EndGlobalSection
	GlobalSection(SolutionProperties) = preSolution
		HideSolutionNode = FALSE
	EndGlobalSection
	GlobalSection(ExtensibilityGlobals) = postSolution
		SolutionGuid = {0E5EC5F7-F9A1-4539-98B1-567C0ED7578D}
	EndGlobalSection
EndGlobal
